// !$*UTF8*$!
{
	archiveVersion = 1;
	classes = {
	};
	objectVersion = 50;
	objects = {

/* Begin PBXBuildFile section */
		39CCDE38245E074900FE4272 /* AppDelegate.swift in Sources */ = {isa = PBXBuildFile; fileRef = 39CCDE37245E074900FE4272 /* AppDelegate.swift */; };
		39CCDE3A245E074900FE4272 /* SceneDelegate.swift in Sources */ = {isa = PBXBuildFile; fileRef = 39CCDE39245E074900FE4272 /* SceneDelegate.swift */; };
		39CCDE3F245E074900FE4272 /* Main.storyboard in Resources */ = {isa = PBXBuildFile; fileRef = 39CCDE3D245E074900FE4272 /* Main.storyboard */; };
		39CCDE42245E074900FE4272 /* KeyUnlock.xcdatamodeld in Sources */ = {isa = PBXBuildFile; fileRef = 39CCDE40245E074900FE4272 /* KeyUnlock.xcdatamodeld */; };
		39CCDE44245E075600FE4272 /* Assets.xcassets in Resources */ = {isa = PBXBuildFile; fileRef = 39CCDE43245E075600FE4272 /* Assets.xcassets */; };
		39CCDE47245E075600FE4272 /* LaunchScreen.storyboard in Resources */ = {isa = PBXBuildFile; fileRef = 39CCDE45245E075600FE4272 /* LaunchScreen.storyboard */; };
		39CCDE55245E425200FE4272 /* LoginViewController.swift in Sources */ = {isa = PBXBuildFile; fileRef = 39CCDE54245E425200FE4272 /* LoginViewController.swift */; };
		39CCDE57245E4FD600FE4272 /* TableViewController.swift in Sources */ = {isa = PBXBuildFile; fileRef = 39CCDE56245E4FD600FE4272 /* TableViewController.swift */; };
		39CCDE59245E56B700FE4272 /* WebsiteCell.swift in Sources */ = {isa = PBXBuildFile; fileRef = 39CCDE58245E56B700FE4272 /* WebsiteCell.swift */; };
		39CCDE5B245E575600FE4272 /* AddDataViewController.swift in Sources */ = {isa = PBXBuildFile; fileRef = 39CCDE5A245E575600FE4272 /* AddDataViewController.swift */; };
		39CCDE5D245E99F900FE4272 /* DataInfoViewController.swift in Sources */ = {isa = PBXBuildFile; fileRef = 39CCDE5C245E99F900FE4272 /* DataInfoViewController.swift */; };
/* End PBXBuildFile section */

/* Begin PBXCopyFilesBuildPhase section */
		39CCDE88245ED93700FE4272 /* Embed Frameworks */ = {
			isa = PBXCopyFilesBuildPhase;
			buildActionMask = 2147483647;
			dstPath = "";
			dstSubfolderSpec = 10;
			files = (
			);
			name = "Embed Frameworks";
			runOnlyForDeploymentPostprocessing = 0;
		};
/* End PBXCopyFilesBuildPhase section */

/* Begin PBXFileReference section */
		39CCDE34245E074900FE4272 /* KeyUnlock.app */ = {isa = PBXFileReference; explicitFileType = wrapper.application; includeInIndex = 0; path = KeyUnlock.app; sourceTree = BUILT_PRODUCTS_DIR; };
		39CCDE37245E074900FE4272 /* AppDelegate.swift */ = {isa = PBXFileReference; lastKnownFileType = sourcecode.swift; path = AppDelegate.swift; sourceTree = "<group>"; };
		39CCDE39245E074900FE4272 /* SceneDelegate.swift */ = {isa = PBXFileReference; lastKnownFileType = sourcecode.swift; path = SceneDelegate.swift; sourceTree = "<group>"; };
		39CCDE3E245E074900FE4272 /* Base */ = {isa = PBXFileReference; lastKnownFileType = file.storyboard; name = Base; path = Base.lproj/Main.storyboard; sourceTree = "<group>"; };
		39CCDE41245E074900FE4272 /* KeyUnlock.xcdatamodel */ = {isa = PBXFileReference; lastKnownFileType = wrapper.xcdatamodel; path = KeyUnlock.xcdatamodel; sourceTree = "<group>"; };
		39CCDE43245E075600FE4272 /* Assets.xcassets */ = {isa = PBXFileReference; lastKnownFileType = folder.assetcatalog; path = Assets.xcassets; sourceTree = "<group>"; };
		39CCDE46245E075600FE4272 /* Base */ = {isa = PBXFileReference; lastKnownFileType = file.storyboard; name = Base; path = Base.lproj/LaunchScreen.storyboard; sourceTree = "<group>"; };
		39CCDE48245E075600FE4272 /* Info.plist */ = {isa = PBXFileReference; lastKnownFileType = text.plist.xml; path = Info.plist; sourceTree = "<group>"; };
		39CCDE54245E425200FE4272 /* LoginViewController.swift */ = {isa = PBXFileReference; lastKnownFileType = sourcecode.swift; path = LoginViewController.swift; sourceTree = "<group>"; };
		39CCDE56245E4FD600FE4272 /* TableViewController.swift */ = {isa = PBXFileReference; lastKnownFileType = sourcecode.swift; path = TableViewController.swift; sourceTree = "<group>"; };
		39CCDE58245E56B700FE4272 /* WebsiteCell.swift */ = {isa = PBXFileReference; lastKnownFileType = sourcecode.swift; path = WebsiteCell.swift; sourceTree = "<group>"; };
		39CCDE5A245E575600FE4272 /* AddDataViewController.swift */ = {isa = PBXFileReference; lastKnownFileType = sourcecode.swift; path = AddDataViewController.swift; sourceTree = "<group>"; };
		39CCDE5C245E99F900FE4272 /* DataInfoViewController.swift */ = {isa = PBXFileReference; lastKnownFileType = sourcecode.swift; path = DataInfoViewController.swift; sourceTree = "<group>"; };
/* End PBXFileReference section */

/* Begin PBXFrameworksBuildPhase section */
		39CCDE31245E074900FE4272 /* Frameworks */ = {
			isa = PBXFrameworksBuildPhase;
			buildActionMask = 2147483647;
			files = (
			);
			runOnlyForDeploymentPostprocessing = 0;
		};
/* End PBXFrameworksBuildPhase section */

/* Begin PBXGroup section */
		39CCDE2B245E074800FE4272 = {
			isa = PBXGroup;
			children = (
				39CCDE36245E074900FE4272 /* KeyUnlock */,
				39CCDE35245E074900FE4272 /* Products */,
			);
			sourceTree = "<group>";
		};
		39CCDE35245E074900FE4272 /* Products */ = {
			isa = PBXGroup;
			children = (
				39CCDE34245E074900FE4272 /* KeyUnlock.app */,
			);
			name = Products;
			sourceTree = "<group>";
		};
		39CCDE36245E074900FE4272 /* KeyUnlock */ = {
			isa = PBXGroup;
			children = (
				39CCDE37245E074900FE4272 /* AppDelegate.swift */,
				39CCDE39245E074900FE4272 /* SceneDelegate.swift */,
				39CCDE54245E425200FE4272 /* LoginViewController.swift */,
				39CCDE56245E4FD600FE4272 /* TableViewController.swift */,
				39CCDE5A245E575600FE4272 /* AddDataViewController.swift */,
				39CCDE58245E56B700FE4272 /* WebsiteCell.swift */,
				39CCDE5C245E99F900FE4272 /* DataInfoViewController.swift */,
				39CCDE3D245E074900FE4272 /* Main.storyboard */,
				39CCDE43245E075600FE4272 /* Assets.xcassets */,
				39CCDE45245E075600FE4272 /* LaunchScreen.storyboard */,
				39CCDE48245E075600FE4272 /* Info.plist */,
				39CCDE40245E074900FE4272 /* KeyUnlock.xcdatamodeld */,
			);
			path = KeyUnlock;
			sourceTree = "<group>";
		};
/* End PBXGroup section */

/* Begin PBXNativeTarget section */
		39CCDE33245E074900FE4272 /* KeyUnlock */ = {
			isa = PBXNativeTarget;
			buildConfigurationList = 39CCDE4B245E075600FE4272 /* Build configuration list for PBXNativeTarget "KeyUnlock" */;
			buildPhases = (
				39CCDE30245E074900FE4272 /* Sources */,
				39CCDE31245E074900FE4272 /* Frameworks */,
				39CCDE32245E074900FE4272 /* Resources */,
				39CCDE88245ED93700FE4272 /* Embed Frameworks */,
			);
			buildRules = (
			);
			dependencies = (
			);
			name = KeyUnlock;
			productName = KeyUnlock;
			productReference = 39CCDE34245E074900FE4272 /* KeyUnlock.app */;
			productType = "com.apple.product-type.application";
		};
/* End PBXNativeTarget section */

/* Begin PBXProject section */
		39CCDE2C245E074800FE4272 /* Project object */ = {
			isa = PBXProject;
			attributes = {
				LastSwiftUpdateCheck = 1130;
				LastUpgradeCheck = 1130;
				ORGANIZATIONNAME = "Refo Yudhanto";
				TargetAttributes = {
					39CCDE33245E074900FE4272 = {
						CreatedOnToolsVersion = 11.3.1;
					};
				};
			};
			buildConfigurationList = 39CCDE2F245E074800FE4272 /* Build configuration list for PBXProject "KeyUnlock" */;
			compatibilityVersion = "Xcode 9.3";
			developmentRegion = en;
			hasScannedForEncodings = 0;
			knownRegions = (
				en,
				Base,
			);
			mainGroup = 39CCDE2B245E074800FE4272;
			productRefGroup = 39CCDE35245E074900FE4272 /* Products */;
			projectDirPath = "";
			projectRoot = "";
			targets = (
				39CCDE33245E074900FE4272 /* KeyUnlock */,
			);
		};
/* End PBXProject section */

/* Begin PBXResourcesBuildPhase section */
		39CCDE32245E074900FE4272 /* Resources */ = {
			isa = PBXResourcesBuildPhase;
			buildActionMask = 2147483647;
			files = (
				39CCDE47245E075600FE4272 /* LaunchScreen.storyboard in Resources */,
				39CCDE44245E075600FE4272 /* Assets.xcassets in Resources */,
				39CCDE3F245E074900FE4272 /* Main.storyboard in Resources */,
			);
			runOnlyForDeploymentPostprocessing = 0;
		};
/* End PBXResourcesBuildPhase section */

/* Begin PBXSourcesBuildPhase section */
		39CCDE30245E074900FE4272 /* Sources */ = {
			isa = PBXSourcesBuildPhase;
			buildActionMask = 2147483647;
			files = (
				39CCDE55245E425200FE4272 /* LoginViewController.swift in Sources */,
				39CCDE38245E074900FE4272 /* AppDelegate.swift in Sources */,
				39CCDE3A245E074900FE4272 /* SceneDelegate.swift in Sources */,
				39CCDE59245E56B700FE4272 /* WebsiteCell.swift in Sources */,
				39CCDE5D245E99F900FE4272 /* DataInfoViewController.swift in Sources */,
				39CCDE5B245E575600FE4272 /* AddDataViewController.swift in Sources */,
				39CCDE57245E4FD600FE4272 /* TableViewController.swift in Sources */,
				39CCDE42245E074900FE4272 /* KeyUnlock.xcdatamodeld in Sources */,
			);
			runOnlyForDeploymentPostprocessing = 0;
		};
/* End PBXSourcesBuildPhase section */

/* Begin PBXVariantGroup section */
		39CCDE3D245E074900FE4272 /* Main.storyboard */ = {
			isa = PBXVariantGroup;
			children = (
				39CCDE3E245E074900FE4272 /* Base */,
			);
			name = Main.storyboard;
			sourceTree = "<group>";
		};
		39CCDE45245E075600FE4272 /* LaunchScreen.storyboard */ = {
			isa = PBXVariantGroup;
			children = (
				39CCDE46245E075600FE4272 /* Base */,
			);
			name = LaunchScreen.storyboard;
			sourceTree = "<group>";
		};
/* End PBXVariantGroup section */

/* Begin XCBuildConfiguration section */
		39CCDE49245E075600FE4272 /* Debug */ = {
			isa = XCBuildConfiguration;
			buildSettings = {
				ALWAYS_SEARCH_USER_PATHS = NO;
				CLANG_ANALYZER_NONNULL = YES;
				CLANG_ANALYZER_NUMBER_OBJECT_CONVERSION = YES_AGGRESSIVE;
				CLANG_CXX_LANGUAGE_STANDARD = "gnu++14";
				CLANG_CXX_LIBRARY = "libc++";
				CLANG_ENABLE_MODULES = YES;
				CLANG_ENABLE_OBJC_ARC = YES;
				CLANG_ENABLE_OBJC_WEAK = YES;
				CLANG_WARN_BLOCK_CAPTURE_AUTORELEASING = YES;
				CLANG_WARN_BOOL_CONVERSION = YES;
				CLANG_WARN_COMMA = YES;
				CLANG_WARN_CONSTANT_CONVERSION = YES;
				CLANG_WARN_DEPRECATED_OBJC_IMPLEMENTATIONS = YES;
				CLANG_WARN_DIRECT_OBJC_ISA_USAGE = YES_ERROR;
				CLANG_WARN_DOCUMENTATION_COMMENTS = YES;
				CLANG_WARN_EMPTY_BODY = YES;
				CLANG_WARN_ENUM_CONVERSION = YES;
				CLANG_WARN_INFINITE_RECURSION = YES;
				CLANG_WARN_INT_CONVERSION = YES;
				CLANG_WARN_NON_LITERAL_NULL_CONVERSION = YES;
				CLANG_WARN_OBJC_IMPLICIT_RETAIN_SELF = YES;
				CLANG_WARN_OBJC_LITERAL_CONVERSION = YES;
				CLANG_WARN_OBJC_ROOT_CLASS = YES_ERROR;
				CLANG_WARN_RANGE_LOOP_ANALYSIS = YES;
				CLANG_WARN_STRICT_PROTOTYPES = YES;
				CLANG_WARN_SUSPICIOUS_MOVE = YES;
				CLANG_WARN_UNGUARDED_AVAILABILITY = YES_AGGRESSIVE;
				CLANG_WARN_UNREACHABLE_CODE = YES;
				CLANG_WARN__DUPLICATE_METHOD_MATCH = YES;
				COPY_PHASE_STRIP = NO;
				DEBUG_INFORMATION_FORMAT = dwarf;
				ENABLE_STRICT_OBJC_MSGSEND = YES;
				ENABLE_TESTABILITY = YES;
				GCC_C_LANGUAGE_STANDARD = gnu11;
				GCC_DYNAMIC_NO_PIC = NO;
				GCC_NO_COMMON_BLOCKS = YES;
				GCC_OPTIMIZATION_LEVEL = 0;
				GCC_PREPROCESSOR_DEFINITIONS = (
					"DEBUG=1",
					"$(inherited)",
				);
				GCC_WARN_64_TO_32_BIT_CONVERSION = YES;
				GCC_WARN_ABOUT_RETURN_TYPE = YES_ERROR;
				GCC_WARN_UNDECLARED_SELECTOR = YES;
				GCC_WARN_UNINITIALIZED_AUTOS = YES_AGGRESSIVE;
				GCC_WARN_UNUSED_FUNCTION = YES;
				GCC_WARN_UNUSED_VARIABLE = YES;
				IPHONEOS_DEPLOYMENT_TARGET = 13.2;
				MTL_ENABLE_DEBUG_INFO = INCLUDE_SOURCE;
				MTL_FAST_MATH = YES;
				ONLY_ACTIVE_ARCH = YES;
				SDKROOT = iphoneos;
				SWIFT_ACTIVE_COMPILATION_CONDITIONS = DEBUG;
				SWIFT_OPTIMIZATION_LEVEL = "-Onone";
			};
			name = Debug;
		};
		39CCDE4A245E075600FE4272 /* Release */ = {
			isa = XCBuildConfiguration;
			buildSettings = {
				ALWAYS_SEARCH_USER_PATHS = NO;
				CLANG_ANALYZER_NONNULL = YES;
				CLANG_ANALYZER_NUMBER_OBJECT_CONVERSION = YES_AGGRESSIVE;
				CLANG_CXX_LANGUAGE_STANDARD = "gnu++14";
				CLANG_CXX_LIBRARY = "libc++";
				CLANG_ENABLE_MODULES = YES;
				CLANG_ENABLE_OBJC_ARC = YES;
				CLANG_ENABLE_OBJC_WEAK = YES;
				CLANG_WARN_BLOCK_CAPTURE_AUTORELEASING = YES;
				CLANG_WARN_BOOL_CONVERSION = YES;
				CLANG_WARN_COMMA = YES;
				CLANG_WARN_CONSTANT_CONVERSION = YES;
				CLANG_WARN_DEPRECATED_OBJC_IMPLEMENTATIONS = YES;
				CLANG_WARN_DIRECT_OBJC_ISA_USAGE = YES_ERROR;
				CLANG_WARN_DOCUMENTATION_COMMENTS = YES;
				CLANG_WARN_EMPTY_BODY = YES;
				CLANG_WARN_ENUM_CONVERSION = YES;
				CLANG_WARN_INFINITE_RECURSION = YES;
				CLANG_WARN_INT_CONVERSION = YES;
				CLANG_WARN_NON_LITERAL_NULL_CONVERSION = YES;
				CLANG_WARN_OBJC_IMPLICIT_RETAIN_SELF = YES;
				CLANG_WARN_OBJC_LITERAL_CONVERSION = YES;
				CLANG_WARN_OBJC_ROOT_CLASS = YES_ERROR;
				CLANG_WARN_RANGE_LOOP_ANALYSIS = YES;
				CLANG_WARN_STRICT_PROTOTYPES = YES;
				CLANG_WARN_SUSPICIOUS_MOVE = YES;
				CLANG_WARN_UNGUARDED_AVAILABILITY = YES_AGGRESSIVE;
				CLANG_WARN_UNREACHABLE_CODE = YES;
				CLANG_WARN__DUPLICATE_METHOD_MATCH = YES;
				COPY_PHASE_STRIP = NO;
				DEBUG_INFORMATION_FORMAT = "dwarf-with-dsym";
				ENABLE_NS_ASSERTIONS = NO;
				ENABLE_STRICT_OBJC_MSGSEND = YES;
				GCC_C_LANGUAGE_STANDARD = gnu11;
				GCC_NO_COMMON_BLOCKS = YES;
				GCC_WARN_64_TO_32_BIT_CONVERSION = YES;
				GCC_WARN_ABOUT_RETURN_TYPE = YES_ERROR;
				GCC_WARN_UNDECLARED_SELECTOR = YES;
				GCC_WARN_UNINITIALIZED_AUTOS = YES_AGGRESSIVE;
				GCC_WARN_UNUSED_FUNCTION = YES;
				GCC_WARN_UNUSED_VARIABLE = YES;
				IPHONEOS_DEPLOYMENT_TARGET = 13.2;
				MTL_ENABLE_DEBUG_INFO = NO;
				MTL_FAST_MATH = YES;
				SDKROOT = iphoneos;
				SWIFT_COMPILATION_MODE = wholemodule;
				SWIFT_OPTIMIZATION_LEVEL = "-O";
				VALIDATE_PRODUCT = YES;
			};
			name = Release;
		};
		39CCDE4C245E075600FE4272 /* Debug */ = {
			isa = XCBuildConfiguration;
			buildSettings = {
				ASSETCATALOG_COMPILER_APPICON_NAME = AppIcon;
				CODE_SIGN_STYLE = Automatic;
				INFOPLIST_FILE = KeyUnlock/Info.plist;
				LD_RUNPATH_SEARCH_PATHS = (
					"$(inherited)",
					"@executable_path/Frameworks",
				);
				PRODUCT_BUNDLE_IDENTIFIER = refobagus.KeyUnlock;
				PRODUCT_NAME = "$(TARGET_NAME)";
				SWIFT_VERSION = 5.0;
				TARGETED_DEVICE_FAMILY = "1,2";
			};
			name = Debug;
		};
		39CCDE4D245E075600FE4272 /* Release */ = {
			isa = XCBuildConfiguration;
			buildSettings = {
				ASSETCATALOG_COMPILER_APPICON_NAME = AppIcon;
				CODE_SIGN_STYLE = Automatic;
				INFOPLIST_FILE = KeyUnlock/Info.plist;
				LD_RUNPATH_SEARCH_PATHS = (
					"$(inherited)",
					"@executable_path/Frameworks",
				);
				PRODUCT_BUNDLE_IDENTIFIER = refobagus.KeyUnlock;
				PRODUCT_NAME = "$(TARGET_NAME)";
				SWIFT_VERSION = 5.0;
				TARGETED_DEVICE_FAMILY = "1,2";
			};
			name = Release;
		};
/* End XCBuildConfiguration section */

/* Begin XCConfigurationList section */
		39CCDE2F245E074800FE4272 /* Build configuration list for PBXProject "KeyUnlock" */ = {
			isa = XCConfigurationList;
			buildConfigurations = (
				39CCDE49245E075600FE4272 /* Debug */,
				39CCDE4A245E075600FE4272 /* Release */,
			);
			defaultConfigurationIsVisible = 0;
			defaultConfigurationName = Release;
		};
		39CCDE4B245E075600FE4272 /* Build configuration list for PBXNativeTarget "KeyUnlock" */ = {
			isa = XCConfigurationList;
			buildConfigurations = (
				39CCDE4C245E075600FE4272 /* Debug */,
				39CCDE4D245E075600FE4272 /* Release */,
			);
			defaultConfigurationIsVisible = 0;
			defaultConfigurationName = Release;
		};
/* End XCConfigurationList section */

/* Begin XCVersionGroup section */
		39CCDE40245E074900FE4272 /* KeyUnlock.xcdatamodeld */ = {
			isa = XCVersionGroup;
			children = (
				39CCDE41245E074900FE4272 /* KeyUnlock.xcdatamodel */,
			);
			currentVersion = 39CCDE41245E074900FE4272 /* KeyUnlock.xcdatamodel */;
			path = KeyUnlock.xcdatamodeld;
			sourceTree = "<group>";
			versionGroupType = wrapper.xcdatamodel;
		};
/* End XCVersionGroup section */
	};
	rootObject = 39CCDE2C245E074800FE4272 /* Project object */;
}
